
Microsoft Visual Studio Solution File, Format Version 12.00
# Visual Studio 15
VisualStudioVersion = 15.0.28307.960
MinimumVisualStudioVersion = 10.0.40219.1
Project("{FAE04EC0-301F-11D3-BF4B-00C04F79EFBC}") = "MainCorreo", "CorreoAplicacion\MainCorreo.csproj", "{B195B498-D580-4B9F-9CAD-817D0FF44FEA}"
EndProject
Project("{FAE04EC0-301F-11D3-BF4B-00C04F79EFBC}") = "Entidades", "Entidades\Entidades.csproj", "{4D9FEB40-7A1F-400B-AA96-1AB2714CF9D8}"
EndProject
Project("{FAE04EC0-301F-11D3-BF4B-00C04F79EFBC}") = "UnitTestCorreo", "UnitTestCorreo\UnitTestCorreo.csproj", "{A79E1EF5-FC50-4ACA-A125-F289EA5DCF43}"
EndProject
Global
	GlobalSection(SolutionConfigurationPlatforms) = preSolution
		Debug|Any CPU = Debug|Any CPU
		Release|Any CPU = Release|Any CPU
	EndGlobalSection
	GlobalSection(ProjectConfigurationPlatforms) = postSolution
		{B195B498-D580-4B9F-9CAD-817D0FF44FEA}.Debug|Any CPU.ActiveCfg = Debug|Any CPU
		{B195B498-D580-4B9F-9CAD-817D0FF44FEA}.Debug|Any CPU.Build.0 = Debug|Any CPU
		{B195B498-D580-4B9F-9CAD-817D0FF44FEA}.Release|Any CPU.ActiveCfg = Release|Any CPU
		{B195B498-D580-4B9F-9CAD-817D0FF44FEA}.Release|Any CPU.Build.0 = Release|Any CPU
		{4D9FEB40-7A1F-400B-AA96-1AB2714CF9D8}.Debug|Any CPU.ActiveCfg = Debug|Any CPU
		{4D9FEB40-7A1F-400B-AA96-1AB2714CF9D8}.Debug|Any CPU.Build.0 = Debug|Any CPU
		{4D9FEB40-7A1F-400B-AA96-1AB2714CF9D8}.Release|Any CPU.ActiveCfg = Release|Any CPU
		{4D9FEB40-7A1F-400B-AA96-1AB2714CF9D8}.Release|Any CPU.Build.0 = Release|Any CPU
		{A79E1EF5-FC50-4ACA-A125-F289EA5DCF43}.Debug|Any CPU.ActiveCfg = Debug|Any CPU
		{A79E1EF5-FC50-4ACA-A125-F289EA5DCF43}.Debug|Any CPU.Build.0 = Debug|Any CPU
		{A79E1EF5-FC50-4ACA-A125-F289EA5DCF43}.Release|Any CPU.ActiveCfg = Release|Any CPU
		{A79E1EF5-FC50-4ACA-A125-F289EA5DCF43}.Release|Any CPU.Build.0 = Release|Any CPU
	EndGlobalSection
	GlobalSection(SolutionProperties) = preSolution
		HideSolutionNode = FALSE
	EndGlobalSection
	GlobalSection(ExtensibilityGlobals) = postSolution
		SolutionGuid = {A01EA58B-4BBE-4FDF-84F7-DBB236860461}
	EndGlobalSection
EndGlobal
